// !$*UTF8*$!
{
	archiveVersion = 1;
	classes = {
	};
	objectVersion = 56;
	objects = {

/* Begin PBXBuildFile section */
		2A2DDFDF2B9C3C2D00F1FF95 /* Font+Extension.swift in Sources */ = {isa = PBXBuildFile; fileRef = 2A2DDFDE2B9C3C2D00F1FF95 /* Font+Extension.swift */; };
		2A2DDFE72B9C46D600F1FF95 /* Montserrat-Regular.ttf in Resources */ = {isa = PBXBuildFile; fileRef = 2A2DDFE42B9C46D600F1FF95 /* Montserrat-Regular.ttf */; };
		2A2DDFE82B9C46D600F1FF95 /* Montserrat-Bold.ttf in Resources */ = {isa = PBXBuildFile; fileRef = 2A2DDFE52B9C46D600F1FF95 /* Montserrat-Bold.ttf */; };
		2A2DDFE92B9C46D600F1FF95 /* Montserrat-SemiBold.ttf in Resources */ = {isa = PBXBuildFile; fileRef = 2A2DDFE62B9C46D600F1FF95 /* Montserrat-SemiBold.ttf */; };
		2A2DDFEE2B9C57C300F1FF95 /* Color+Extension.swift in Sources */ = {isa = PBXBuildFile; fileRef = 2A2DDFED2B9C57C300F1FF95 /* Color+Extension.swift */; };
		2A2DE0312B9C8C3500F1FF95 /* TabBarItemsView.swift in Sources */ = {isa = PBXBuildFile; fileRef = 2A2DE0302B9C8C3500F1FF95 /* TabBarItemsView.swift */; };
		2A2DE0332B9C933B00F1FF95 /* View+Extension.swift in Sources */ = {isa = PBXBuildFile; fileRef = 2A2DE0322B9C933B00F1FF95 /* View+Extension.swift */; };
		2A36E3A52BA42EF20063CED4 /* AppError.swift in Sources */ = {isa = PBXBuildFile; fileRef = 2A36E3A42BA42EF20063CED4 /* AppError.swift */; };
		2A36E3B42BA43DCB0063CED4 /* Error+AppError.swift in Sources */ = {isa = PBXBuildFile; fileRef = 2A36E3B32BA43DCB0063CED4 /* Error+AppError.swift */; };
		2A36E3B72BA43E180063CED4 /* NetworkError.swift in Sources */ = {isa = PBXBuildFile; fileRef = 2A36E3B62BA43E180063CED4 /* NetworkError.swift */; };
		2A36E3C52BA444E00063CED4 /* NetworkManager.swift in Sources */ = {isa = PBXBuildFile; fileRef = 2A36E3C42BA444E00063CED4 /* NetworkManager.swift */; };
		2A36E3C82BA4451D0063CED4 /* RequestProtocol.swift in Sources */ = {isa = PBXBuildFile; fileRef = 2A36E3C72BA4451D0063CED4 /* RequestProtocol.swift */; };
		2A36E3CA2BA445590063CED4 /* RequestType.swift in Sources */ = {isa = PBXBuildFile; fileRef = 2A36E3C92BA445590063CED4 /* RequestType.swift */; };
		2A36E3CD2BA459360063CED4 /* DataDecoder.swift in Sources */ = {isa = PBXBuildFile; fileRef = 2A36E3CC2BA459360063CED4 /* DataDecoder.swift */; };
		2A36E3D02BA45B710063CED4 /* Logger.swift in Sources */ = {isa = PBXBuildFile; fileRef = 2A36E3CF2BA45B710063CED4 /* Logger.swift */; };
		2A3A27FD2BA72F3C00048B93 /* LoggedOutView.swift in Sources */ = {isa = PBXBuildFile; fileRef = 2A3A27FC2BA72F3C00048B93 /* LoggedOutView.swift */; };
		2A429ED12BA2BB6F00339A78 /* AppImage.swift in Sources */ = {isa = PBXBuildFile; fileRef = 2A429ED02BA2BB6F00339A78 /* AppImage.swift */; };
		2A429ED32BA2ED5B00339A78 /* HomeViewModel.swift in Sources */ = {isa = PBXBuildFile; fileRef = 2A429ED22BA2ED5B00339A78 /* HomeViewModel.swift */; };
		2A429ED52BA2F05C00339A78 /* ViewModel.swift in Sources */ = {isa = PBXBuildFile; fileRef = 2A429ED42BA2F05C00339A78 /* ViewModel.swift */; };
		2A429ED82BA2F1FD00339A78 /* Container.swift in Sources */ = {isa = PBXBuildFile; fileRef = 2A429ED72BA2F1FD00339A78 /* Container.swift */; };
		2A5FC1112BA8048100B7B3C3 /* APIConstants.swift in Sources */ = {isa = PBXBuildFile; fileRef = 2A5FC1102BA8048100B7B3C3 /* APIConstants.swift */; };
		2A5FC1132BA8079700B7B3C3 /* LoggedOutViewModel.swift in Sources */ = {isa = PBXBuildFile; fileRef = 2A5FC1122BA8079700B7B3C3 /* LoggedOutViewModel.swift */; };
		2A5FC1302BA88AF200B7B3C3 /* SpotifyAPI in Frameworks */ = {isa = PBXBuildFile; productRef = 2A5FC12F2BA88AF200B7B3C3 /* SpotifyAPI */; };
		2A5FC1332BA88AFE00B7B3C3 /* KeychainAccess in Frameworks */ = {isa = PBXBuildFile; productRef = 2A5FC1322BA88AFE00B7B3C3 /* KeychainAccess */; };
		2A5FC1372BA88D1700B7B3C3 /* SpotifyAuthManager.swift in Sources */ = {isa = PBXBuildFile; fileRef = 2A5FC1362BA88D1700B7B3C3 /* SpotifyAuthManager.swift */; };
		2A700A0D2BA21C620074BF41 /* HistoryView.swift in Sources */ = {isa = PBXBuildFile; fileRef = 2A700A0C2BA21C620074BF41 /* HistoryView.swift */; };
		2A700A0F2BA21C700074BF41 /* ProfileView.swift in Sources */ = {isa = PBXBuildFile; fileRef = 2A700A0E2BA21C700074BF41 /* ProfileView.swift */; };
		2A80F3402B9DFD7100220C74 /* AppRouter.swift in Sources */ = {isa = PBXBuildFile; fileRef = 2A80F33F2B9DFD7100220C74 /* AppRouter.swift */; };
		2A80F3452B9DFE7B00220C74 /* ArtistProfileView.swift in Sources */ = {isa = PBXBuildFile; fileRef = 2A80F3442B9DFE7B00220C74 /* ArtistProfileView.swift */; };
		2A80F3472B9DFE8500220C74 /* ArtistProfileViewModel.swift in Sources */ = {isa = PBXBuildFile; fileRef = 2A80F3462B9DFE8500220C74 /* ArtistProfileViewModel.swift */; };
		2A80F34A2B9DFFA000220C74 /* HomeView.swift in Sources */ = {isa = PBXBuildFile; fileRef = 2A80F3492B9DFFA000220C74 /* HomeView.swift */; };
		2A80F34D2B9E02CE00220C74 /* PlayListView.swift in Sources */ = {isa = PBXBuildFile; fileRef = 2A80F34C2B9E02CE00220C74 /* PlayListView.swift */; };
		2A81AB262BA98E2C006EFEB6 /* AppAlert.swift in Sources */ = {isa = PBXBuildFile; fileRef = 2A81AB252BA98E2C006EFEB6 /* AppAlert.swift */; };
		2A81AB292BA9B8C4006EFEB6 /* ProfileViewModel.swift in Sources */ = {isa = PBXBuildFile; fileRef = 2A81AB282BA9B8C4006EFEB6 /* ProfileViewModel.swift */; };
		2A81AB2B2BA9BC75006EFEB6 /* LoggedView.swift in Sources */ = {isa = PBXBuildFile; fileRef = 2A81AB2A2BA9BC75006EFEB6 /* LoggedView.swift */; };
		2A90BC242B99E3580094BE30 /* SpowiftApp.swift in Sources */ = {isa = PBXBuildFile; fileRef = 2A90BC232B99E3580094BE30 /* SpowiftApp.swift */; };
		2A90BC262B99E3580094BE30 /* ContentView.swift in Sources */ = {isa = PBXBuildFile; fileRef = 2A90BC252B99E3580094BE30 /* ContentView.swift */; };
		2A90BC282B99E3590094BE30 /* Assets.xcassets in Resources */ = {isa = PBXBuildFile; fileRef = 2A90BC272B99E3590094BE30 /* Assets.xcassets */; };
		2A90BC2B2B99E3590094BE30 /* Preview Assets.xcassets in Resources */ = {isa = PBXBuildFile; fileRef = 2A90BC2A2B99E3590094BE30 /* Preview Assets.xcassets */; };
		2A90BC352B99E3590094BE30 /* SpowiftTests.swift in Sources */ = {isa = PBXBuildFile; fileRef = 2A90BC342B99E3590094BE30 /* SpowiftTests.swift */; };
		2ABD34A42BA2F2850035C358 /* Factory in Frameworks */ = {isa = PBXBuildFile; productRef = 2ABD34A32BA2F2850035C358 /* Factory */; };
/* End PBXBuildFile section */

/* Begin PBXContainerItemProxy section */
		2A90BC312B99E3590094BE30 /* PBXContainerItemProxy */ = {
			isa = PBXContainerItemProxy;
			containerPortal = 2A90BC182B99E3580094BE30 /* Project object */;
			proxyType = 1;
			remoteGlobalIDString = 2A90BC1F2B99E3580094BE30;
			remoteInfo = Spowift;
		};
		2A90BC3B2B99E3590094BE30 /* PBXContainerItemProxy */ = {
			isa = PBXContainerItemProxy;
			containerPortal = 2A90BC182B99E3580094BE30 /* Project object */;
			proxyType = 1;
			remoteGlobalIDString = 2A90BC1F2B99E3580094BE30;
			remoteInfo = Spowift;
		};
/* End PBXContainerItemProxy section */

/* Begin PBXFileReference section */
		2A2DDFDE2B9C3C2D00F1FF95 /* Font+Extension.swift */ = {isa = PBXFileReference; lastKnownFileType = sourcecode.swift; path = "Font+Extension.swift"; sourceTree = "<group>"; };
		2A2DDFE42B9C46D600F1FF95 /* Montserrat-Regular.ttf */ = {isa = PBXFileReference; lastKnownFileType = file; path = "Montserrat-Regular.ttf"; sourceTree = "<group>"; };
		2A2DDFE52B9C46D600F1FF95 /* Montserrat-Bold.ttf */ = {isa = PBXFileReference; lastKnownFileType = file; path = "Montserrat-Bold.ttf"; sourceTree = "<group>"; };
		2A2DDFE62B9C46D600F1FF95 /* Montserrat-SemiBold.ttf */ = {isa = PBXFileReference; lastKnownFileType = file; path = "Montserrat-SemiBold.ttf"; sourceTree = "<group>"; };
		2A2DDFEA2B9C470E00F1FF95 /* Info.plist */ = {isa = PBXFileReference; lastKnownFileType = text.plist; path = Info.plist; sourceTree = "<group>"; };
		2A2DDFED2B9C57C300F1FF95 /* Color+Extension.swift */ = {isa = PBXFileReference; lastKnownFileType = sourcecode.swift; path = "Color+Extension.swift"; sourceTree = "<group>"; };
		2A2DE0302B9C8C3500F1FF95 /* TabBarItemsView.swift */ = {isa = PBXFileReference; lastKnownFileType = sourcecode.swift; path = TabBarItemsView.swift; sourceTree = "<group>"; };
		2A2DE0322B9C933B00F1FF95 /* View+Extension.swift */ = {isa = PBXFileReference; lastKnownFileType = sourcecode.swift; path = "View+Extension.swift"; sourceTree = "<group>"; };
		2A36E3A42BA42EF20063CED4 /* AppError.swift */ = {isa = PBXFileReference; lastKnownFileType = sourcecode.swift; path = AppError.swift; sourceTree = "<group>"; };
		2A36E3B32BA43DCB0063CED4 /* Error+AppError.swift */ = {isa = PBXFileReference; lastKnownFileType = sourcecode.swift; path = "Error+AppError.swift"; sourceTree = "<group>"; };
		2A36E3B62BA43E180063CED4 /* NetworkError.swift */ = {isa = PBXFileReference; lastKnownFileType = sourcecode.swift; path = NetworkError.swift; sourceTree = "<group>"; };
		2A36E3C42BA444E00063CED4 /* NetworkManager.swift */ = {isa = PBXFileReference; lastKnownFileType = sourcecode.swift; path = NetworkManager.swift; sourceTree = "<group>"; };
		2A36E3C72BA4451D0063CED4 /* RequestProtocol.swift */ = {isa = PBXFileReference; lastKnownFileType = sourcecode.swift; path = RequestProtocol.swift; sourceTree = "<group>"; };
		2A36E3C92BA445590063CED4 /* RequestType.swift */ = {isa = PBXFileReference; lastKnownFileType = sourcecode.swift; path = RequestType.swift; sourceTree = "<group>"; };
		2A36E3CC2BA459360063CED4 /* DataDecoder.swift */ = {isa = PBXFileReference; lastKnownFileType = sourcecode.swift; path = DataDecoder.swift; sourceTree = "<group>"; };
		2A36E3CF2BA45B710063CED4 /* Logger.swift */ = {isa = PBXFileReference; lastKnownFileType = sourcecode.swift; path = Logger.swift; sourceTree = "<group>"; };
		2A3A27FC2BA72F3C00048B93 /* LoggedOutView.swift */ = {isa = PBXFileReference; lastKnownFileType = sourcecode.swift; path = LoggedOutView.swift; sourceTree = "<group>"; };
		2A429ED02BA2BB6F00339A78 /* AppImage.swift */ = {isa = PBXFileReference; lastKnownFileType = sourcecode.swift; path = AppImage.swift; sourceTree = "<group>"; };
		2A429ED22BA2ED5B00339A78 /* HomeViewModel.swift */ = {isa = PBXFileReference; lastKnownFileType = sourcecode.swift; path = HomeViewModel.swift; sourceTree = "<group>"; };
		2A429ED42BA2F05C00339A78 /* ViewModel.swift */ = {isa = PBXFileReference; lastKnownFileType = sourcecode.swift; path = ViewModel.swift; sourceTree = "<group>"; };
		2A429ED72BA2F1FD00339A78 /* Container.swift */ = {isa = PBXFileReference; lastKnownFileType = sourcecode.swift; path = Container.swift; sourceTree = "<group>"; };
		2A5FC1102BA8048100B7B3C3 /* APIConstants.swift */ = {isa = PBXFileReference; lastKnownFileType = sourcecode.swift; path = APIConstants.swift; sourceTree = "<group>"; };
		2A5FC1122BA8079700B7B3C3 /* LoggedOutViewModel.swift */ = {isa = PBXFileReference; lastKnownFileType = sourcecode.swift; path = LoggedOutViewModel.swift; sourceTree = "<group>"; };
		2A5FC1362BA88D1700B7B3C3 /* SpotifyAuthManager.swift */ = {isa = PBXFileReference; lastKnownFileType = sourcecode.swift; path = SpotifyAuthManager.swift; sourceTree = "<group>"; };
		2A700A0C2BA21C620074BF41 /* HistoryView.swift */ = {isa = PBXFileReference; lastKnownFileType = sourcecode.swift; path = HistoryView.swift; sourceTree = "<group>"; };
		2A700A0E2BA21C700074BF41 /* ProfileView.swift */ = {isa = PBXFileReference; lastKnownFileType = sourcecode.swift; path = ProfileView.swift; sourceTree = "<group>"; };
		2A80F33F2B9DFD7100220C74 /* AppRouter.swift */ = {isa = PBXFileReference; lastKnownFileType = sourcecode.swift; path = AppRouter.swift; sourceTree = "<group>"; };
		2A80F3442B9DFE7B00220C74 /* ArtistProfileView.swift */ = {isa = PBXFileReference; lastKnownFileType = sourcecode.swift; path = ArtistProfileView.swift; sourceTree = "<group>"; };
		2A80F3462B9DFE8500220C74 /* ArtistProfileViewModel.swift */ = {isa = PBXFileReference; lastKnownFileType = sourcecode.swift; path = ArtistProfileViewModel.swift; sourceTree = "<group>"; };
		2A80F3492B9DFFA000220C74 /* HomeView.swift */ = {isa = PBXFileReference; lastKnownFileType = sourcecode.swift; path = HomeView.swift; sourceTree = "<group>"; };
		2A80F34C2B9E02CE00220C74 /* PlayListView.swift */ = {isa = PBXFileReference; lastKnownFileType = sourcecode.swift; path = PlayListView.swift; sourceTree = "<group>"; };
		2A81AB252BA98E2C006EFEB6 /* AppAlert.swift */ = {isa = PBXFileReference; lastKnownFileType = sourcecode.swift; path = AppAlert.swift; sourceTree = "<group>"; };
		2A81AB282BA9B8C4006EFEB6 /* ProfileViewModel.swift */ = {isa = PBXFileReference; lastKnownFileType = sourcecode.swift; path = ProfileViewModel.swift; sourceTree = "<group>"; };
		2A81AB2A2BA9BC75006EFEB6 /* LoggedView.swift */ = {isa = PBXFileReference; lastKnownFileType = sourcecode.swift; path = LoggedView.swift; sourceTree = "<group>"; };
		2A90BC202B99E3580094BE30 /* Spowift.app */ = {isa = PBXFileReference; explicitFileType = wrapper.application; includeInIndex = 0; path = Spowift.app; sourceTree = BUILT_PRODUCTS_DIR; };
		2A90BC232B99E3580094BE30 /* SpowiftApp.swift */ = {isa = PBXFileReference; lastKnownFileType = sourcecode.swift; path = SpowiftApp.swift; sourceTree = "<group>"; };
		2A90BC252B99E3580094BE30 /* ContentView.swift */ = {isa = PBXFileReference; lastKnownFileType = sourcecode.swift; path = ContentView.swift; sourceTree = "<group>"; };
		2A90BC272B99E3590094BE30 /* Assets.xcassets */ = {isa = PBXFileReference; lastKnownFileType = folder.assetcatalog; path = Assets.xcassets; sourceTree = "<group>"; };
		2A90BC2A2B99E3590094BE30 /* Preview Assets.xcassets */ = {isa = PBXFileReference; lastKnownFileType = folder.assetcatalog; path = "Preview Assets.xcassets"; sourceTree = "<group>"; };
		2A90BC302B99E3590094BE30 /* SpowiftTests.xctest */ = {isa = PBXFileReference; explicitFileType = wrapper.cfbundle; includeInIndex = 0; path = SpowiftTests.xctest; sourceTree = BUILT_PRODUCTS_DIR; };
		2A90BC342B99E3590094BE30 /* SpowiftTests.swift */ = {isa = PBXFileReference; lastKnownFileType = sourcecode.swift; path = SpowiftTests.swift; sourceTree = "<group>"; };
		2A90BC3A2B99E3590094BE30 /* SpowiftUITests.xctest */ = {isa = PBXFileReference; explicitFileType = wrapper.cfbundle; includeInIndex = 0; path = SpowiftUITests.xctest; sourceTree = BUILT_PRODUCTS_DIR; };
/* End PBXFileReference section */

/* Begin PBXFrameworksBuildPhase section */
		2A90BC1D2B99E3580094BE30 /* Frameworks */ = {
			isa = PBXFrameworksBuildPhase;
			buildActionMask = 2147483647;
			files = (
				2A5FC1302BA88AF200B7B3C3 /* SpotifyAPI in Frameworks */,
				2ABD34A42BA2F2850035C358 /* Factory in Frameworks */,
				2A5FC1332BA88AFE00B7B3C3 /* KeychainAccess in Frameworks */,
			);
			runOnlyForDeploymentPostprocessing = 0;
		};
		2A90BC2D2B99E3590094BE30 /* Frameworks */ = {
			isa = PBXFrameworksBuildPhase;
			buildActionMask = 2147483647;
			files = (
			);
			runOnlyForDeploymentPostprocessing = 0;
		};
		2A90BC372B99E3590094BE30 /* Frameworks */ = {
			isa = PBXFrameworksBuildPhase;
			buildActionMask = 2147483647;
			files = (
			);
			runOnlyForDeploymentPostprocessing = 0;
		};
/* End PBXFrameworksBuildPhase section */

/* Begin PBXGroup section */
		2A2DDFD52B9C3A0D00F1FF95 /* Core */ = {
			isa = PBXGroup;
			children = (
				2A36E3CE2BA45B5E0063CED4 /* Utils */,
				2A36E3B22BA43DB70063CED4 /* Extensions */,
				2A429ED62BA2F1EF00339A78 /* DI */,
			);
			path = Core;
			sourceTree = "<group>";
		};
		2A2DDFD62B9C3A1400F1FF95 /* Data */ = {
			isa = PBXGroup;
			children = (
				2A36E3B52BA43E0D0063CED4 /* Networking */,
				2A36E3AF2BA438B60063CED4 /* Repository */,
				2A36E3BD2BA43FB00063CED4 /* Model */,
				2A36E3B82BA43EC60063CED4 /* DataSource */,
			);
			path = Data;
			sourceTree = "<group>";
		};
		2A2DDFD72B9C3A1A00F1FF95 /* Domain */ = {
			isa = PBXGroup;
			children = (
				2A36E3A32BA42EE50063CED4 /* Errors */,
				2A36E3A02BA42E7E0063CED4 /* Entity */,
				2A36E39B2BA42CF30063CED4 /* UseCase */,
			);
			path = Domain;
			sourceTree = "<group>";
		};
		2A2DDFD82B9C3A2200F1FF95 /* Presentation */ = {
			isa = PBXGroup;
			children = (
				2A2DDFDA2B9C3A5E00F1FF95 /* Components */,
				2A2DDFDB2B9C3A6E00F1FF95 /* Core */,
				2A2DDFDC2B9C3A7F00F1FF95 /* Screens */,
				2A90BC252B99E3580094BE30 /* ContentView.swift */,
				2A2DE0302B9C8C3500F1FF95 /* TabBarItemsView.swift */,
			);
			path = Presentation;
			sourceTree = "<group>";
		};
		2A2DDFD92B9C3A2D00F1FF95 /* Resources */ = {
			isa = PBXGroup;
			children = (
				2A2DDFE22B9C46AC00F1FF95 /* Fonts */,
				2A90BC272B99E3590094BE30 /* Assets.xcassets */,
			);
			path = Resources;
			sourceTree = "<group>";
		};
		2A2DDFDA2B9C3A5E00F1FF95 /* Components */ = {
			isa = PBXGroup;
			children = (
			);
			path = Components;
			sourceTree = "<group>";
		};
		2A2DDFDB2B9C3A6E00F1FF95 /* Core */ = {
			isa = PBXGroup;
			children = (
				2A2DDFDD2B9C3AA600F1FF95 /* Extensions */,
				2A429ED42BA2F05C00339A78 /* ViewModel.swift */,
				2A80F33F2B9DFD7100220C74 /* AppRouter.swift */,
				2A429ED02BA2BB6F00339A78 /* AppImage.swift */,
				2A81AB252BA98E2C006EFEB6 /* AppAlert.swift */,
			);
			path = Core;
			sourceTree = "<group>";
		};
		2A2DDFDC2B9C3A7F00F1FF95 /* Screens */ = {
			isa = PBXGroup;
			children = (
				2A3A27FB2BA72F1C00048B93 /* Auth */,
				2A80F3482B9DFF8B00220C74 /* Home */,
				2A80F34B2B9E02AF00220C74 /* PlayList */,
				2A700A0A2BA21C2A0074BF41 /* History */,
				2A700A0B2BA21C360074BF41 /* Profile */,
				2A80F3432B9DFE3900220C74 /* ArtistProfile */,
			);
			path = Screens;
			sourceTree = "<group>";
		};
		2A2DDFDD2B9C3AA600F1FF95 /* Extensions */ = {
			isa = PBXGroup;
			children = (
				2A2DDFED2B9C57C300F1FF95 /* Color+Extension.swift */,
				2A2DDFDE2B9C3C2D00F1FF95 /* Font+Extension.swift */,
				2A2DE0322B9C933B00F1FF95 /* View+Extension.swift */,
			);
			path = Extensions;
			sourceTree = "<group>";
		};
		2A2DDFE22B9C46AC00F1FF95 /* Fonts */ = {
			isa = PBXGroup;
			children = (
				2A2DDFE52B9C46D600F1FF95 /* Montserrat-Bold.ttf */,
				2A2DDFE42B9C46D600F1FF95 /* Montserrat-Regular.ttf */,
				2A2DDFE62B9C46D600F1FF95 /* Montserrat-SemiBold.ttf */,
			);
			path = Fonts;
			sourceTree = "<group>";
		};
		2A36E39B2BA42CF30063CED4 /* UseCase */ = {
			isa = PBXGroup;
			children = (
			);
			path = UseCase;
			sourceTree = "<group>";
		};
		2A36E3A02BA42E7E0063CED4 /* Entity */ = {
			isa = PBXGroup;
			children = (
			);
			path = Entity;
			sourceTree = "<group>";
		};
		2A36E3A32BA42EE50063CED4 /* Errors */ = {
			isa = PBXGroup;
			children = (
				2A36E3A42BA42EF20063CED4 /* AppError.swift */,
			);
			path = Errors;
			sourceTree = "<group>";
		};
		2A36E3AF2BA438B60063CED4 /* Repository */ = {
			isa = PBXGroup;
			children = (
			);
			path = Repository;
			sourceTree = "<group>";
		};
		2A36E3B22BA43DB70063CED4 /* Extensions */ = {
			isa = PBXGroup;
			children = (
				2A36E3B32BA43DCB0063CED4 /* Error+AppError.swift */,
			);
			path = Extensions;
			sourceTree = "<group>";
		};
		2A36E3B52BA43E0D0063CED4 /* Networking */ = {
			isa = PBXGroup;
			children = (
				2A5FC10F2BA8044100B7B3C3 /* Constants */,
				2A36E3C62BA4450F0063CED4 /* Request */,
				2A36E3CB2BA459150063CED4 /* Decoder */,
				2A36E3B62BA43E180063CED4 /* NetworkError.swift */,
				2A36E3C42BA444E00063CED4 /* NetworkManager.swift */,
			);
			path = Networking;
			sourceTree = "<group>";
		};
		2A36E3B82BA43EC60063CED4 /* DataSource */ = {
			isa = PBXGroup;
			children = (
				2A36E3BA2BA43F000063CED4 /* Local */,
				2A36E3B92BA43EF60063CED4 /* Remote */,
			);
			path = DataSource;
			sourceTree = "<group>";
		};
		2A36E3B92BA43EF60063CED4 /* Remote */ = {
			isa = PBXGroup;
			children = (
			);
			path = Remote;
			sourceTree = "<group>";
		};
		2A36E3BA2BA43F000063CED4 /* Local */ = {
			isa = PBXGroup;
			children = (
			);
			path = Local;
			sourceTree = "<group>";
		};
		2A36E3BD2BA43FB00063CED4 /* Model */ = {
			isa = PBXGroup;
			children = (
			);
			path = Model;
			sourceTree = "<group>";
		};
		2A36E3C62BA4450F0063CED4 /* Request */ = {
			isa = PBXGroup;
			children = (
				2A3A27FA2BA6F29D00048B93 /* Api */,
				2A36E3C72BA4451D0063CED4 /* RequestProtocol.swift */,
				2A36E3C92BA445590063CED4 /* RequestType.swift */,
			);
			path = Request;
			sourceTree = "<group>";
		};
		2A36E3CB2BA459150063CED4 /* Decoder */ = {
			isa = PBXGroup;
			children = (
				2A36E3CC2BA459360063CED4 /* DataDecoder.swift */,
			);
			path = Decoder;
			sourceTree = "<group>";
		};
		2A36E3CE2BA45B5E0063CED4 /* Utils */ = {
			isa = PBXGroup;
			children = (
				2A36E3CF2BA45B710063CED4 /* Logger.swift */,
				2A5FC1362BA88D1700B7B3C3 /* SpotifyAuthManager.swift */,
			);
			path = Utils;
			sourceTree = "<group>";
		};
		2A3A27FA2BA6F29D00048B93 /* Api */ = {
			isa = PBXGroup;
			children = (
			);
			path = Api;
			sourceTree = "<group>";
		};
		2A3A27FB2BA72F1C00048B93 /* Auth */ = {
			isa = PBXGroup;
			children = (
				2A81AB2A2BA9BC75006EFEB6 /* LoggedView.swift */,
				2A3A27FC2BA72F3C00048B93 /* LoggedOutView.swift */,
				2A5FC1122BA8079700B7B3C3 /* LoggedOutViewModel.swift */,
			);
			path = Auth;
			sourceTree = "<group>";
		};
		2A429ED62BA2F1EF00339A78 /* DI */ = {
			isa = PBXGroup;
			children = (
				2A429ED72BA2F1FD00339A78 /* Container.swift */,
			);
			path = DI;
			sourceTree = "<group>";
		};
		2A5FC10F2BA8044100B7B3C3 /* Constants */ = {
			isa = PBXGroup;
			children = (
				2A5FC1102BA8048100B7B3C3 /* APIConstants.swift */,
			);
			path = Constants;
			sourceTree = "<group>";
		};
		2A700A0A2BA21C2A0074BF41 /* History */ = {
			isa = PBXGroup;
			children = (
				2A700A0C2BA21C620074BF41 /* HistoryView.swift */,
			);
			path = History;
			sourceTree = "<group>";
		};
		2A700A0B2BA21C360074BF41 /* Profile */ = {
			isa = PBXGroup;
			children = (
				2A700A0E2BA21C700074BF41 /* ProfileView.swift */,
				2A81AB282BA9B8C4006EFEB6 /* ProfileViewModel.swift */,
			);
			path = Profile;
			sourceTree = "<group>";
		};
		2A80F3432B9DFE3900220C74 /* ArtistProfile */ = {
			isa = PBXGroup;
			children = (
				2A80F3442B9DFE7B00220C74 /* ArtistProfileView.swift */,
				2A80F3462B9DFE8500220C74 /* ArtistProfileViewModel.swift */,
			);
			path = ArtistProfile;
			sourceTree = "<group>";
		};
		2A80F3482B9DFF8B00220C74 /* Home */ = {
			isa = PBXGroup;
			children = (
				2A80F3492B9DFFA000220C74 /* HomeView.swift */,
				2A429ED22BA2ED5B00339A78 /* HomeViewModel.swift */,
			);
			path = Home;
			sourceTree = "<group>";
		};
		2A80F34B2B9E02AF00220C74 /* PlayList */ = {
			isa = PBXGroup;
			children = (
				2A80F34C2B9E02CE00220C74 /* PlayListView.swift */,
			);
			path = PlayList;
			sourceTree = "<group>";
		};
		2A90BC172B99E3580094BE30 = {
			isa = PBXGroup;
			children = (
				2A90BC222B99E3580094BE30 /* Spowift */,
				2A90BC332B99E3590094BE30 /* SpowiftTests */,
				2A90BC212B99E3580094BE30 /* Products */,
			);
			sourceTree = "<group>";
		};
		2A90BC212B99E3580094BE30 /* Products */ = {
			isa = PBXGroup;
			children = (
				2A90BC202B99E3580094BE30 /* Spowift.app */,
				2A90BC302B99E3590094BE30 /* SpowiftTests.xctest */,
				2A90BC3A2B99E3590094BE30 /* SpowiftUITests.xctest */,
			);
			name = Products;
			sourceTree = "<group>";
		};
		2A90BC222B99E3580094BE30 /* Spowift */ = {
			isa = PBXGroup;
			children = (
				2A2DDFEA2B9C470E00F1FF95 /* Info.plist */,
				2A2DDFD52B9C3A0D00F1FF95 /* Core */,
				2A2DDFD62B9C3A1400F1FF95 /* Data */,
				2A2DDFD72B9C3A1A00F1FF95 /* Domain */,
				2A2DDFD82B9C3A2200F1FF95 /* Presentation */,
				2A90BC232B99E3580094BE30 /* SpowiftApp.swift */,
				2A2DDFD92B9C3A2D00F1FF95 /* Resources */,
				2A90BC292B99E3590094BE30 /* Preview Content */,
			);
			path = Spowift;
			sourceTree = "<group>";
		};
		2A90BC292B99E3590094BE30 /* Preview Content */ = {
			isa = PBXGroup;
			children = (
				2A90BC2A2B99E3590094BE30 /* Preview Assets.xcassets */,
			);
			path = "Preview Content";
			sourceTree = "<group>";
		};
		2A90BC332B99E3590094BE30 /* SpowiftTests */ = {
			isa = PBXGroup;
			children = (
				2A90BC342B99E3590094BE30 /* SpowiftTests.swift */,
			);
			path = SpowiftTests;
			sourceTree = "<group>";
		};
/* End PBXGroup section */

/* Begin PBXNativeTarget section */
		2A90BC1F2B99E3580094BE30 /* Spowift */ = {
			isa = PBXNativeTarget;
			buildConfigurationList = 2A90BC442B99E3590094BE30 /* Build configuration list for PBXNativeTarget "Spowift" */;
			buildPhases = (
				2A90BC1C2B99E3580094BE30 /* Sources */,
				2A90BC1D2B99E3580094BE30 /* Frameworks */,
				2A90BC1E2B99E3580094BE30 /* Resources */,
			);
			buildRules = (
			);
			dependencies = (
			);
			name = Spowift;
			packageProductDependencies = (
				2ABD34A32BA2F2850035C358 /* Factory */,
				2A5FC12F2BA88AF200B7B3C3 /* SpotifyAPI */,
				2A5FC1322BA88AFE00B7B3C3 /* KeychainAccess */,
			);
			productName = Spowift;
			productReference = 2A90BC202B99E3580094BE30 /* Spowift.app */;
			productType = "com.apple.product-type.application";
		};
		2A90BC2F2B99E3590094BE30 /* SpowiftTests */ = {
			isa = PBXNativeTarget;
			buildConfigurationList = 2A90BC472B99E3590094BE30 /* Build configuration list for PBXNativeTarget "SpowiftTests" */;
			buildPhases = (
				2A90BC2C2B99E3590094BE30 /* Sources */,
				2A90BC2D2B99E3590094BE30 /* Frameworks */,
				2A90BC2E2B99E3590094BE30 /* Resources */,
			);
			buildRules = (
			);
			dependencies = (
				2A90BC322B99E3590094BE30 /* PBXTargetDependency */,
			);
			name = SpowiftTests;
			productName = SpowiftTests;
			productReference = 2A90BC302B99E3590094BE30 /* SpowiftTests.xctest */;
			productType = "com.apple.product-type.bundle.unit-test";
		};
		2A90BC392B99E3590094BE30 /* SpowiftUITests */ = {
			isa = PBXNativeTarget;
			buildConfigurationList = 2A90BC4A2B99E3590094BE30 /* Build configuration list for PBXNativeTarget "SpowiftUITests" */;
			buildPhases = (
				2A90BC362B99E3590094BE30 /* Sources */,
				2A90BC372B99E3590094BE30 /* Frameworks */,
				2A90BC382B99E3590094BE30 /* Resources */,
			);
			buildRules = (
			);
			dependencies = (
				2A90BC3C2B99E3590094BE30 /* PBXTargetDependency */,
			);
			name = SpowiftUITests;
			productName = SpowiftUITests;
			productReference = 2A90BC3A2B99E3590094BE30 /* SpowiftUITests.xctest */;
			productType = "com.apple.product-type.bundle.ui-testing";
		};
/* End PBXNativeTarget section */

/* Begin PBXProject section */
		2A90BC182B99E3580094BE30 /* Project object */ = {
			isa = PBXProject;
			attributes = {
				BuildIndependentTargetsInParallel = 1;
				LastSwiftUpdateCheck = 1510;
				LastUpgradeCheck = 1510;
				TargetAttributes = {
					2A90BC1F2B99E3580094BE30 = {
						CreatedOnToolsVersion = 15.1;
					};
					2A90BC2F2B99E3590094BE30 = {
						CreatedOnToolsVersion = 15.1;
						TestTargetID = 2A90BC1F2B99E3580094BE30;
					};
					2A90BC392B99E3590094BE30 = {
						CreatedOnToolsVersion = 15.1;
						TestTargetID = 2A90BC1F2B99E3580094BE30;
					};
				};
			};
			buildConfigurationList = 2A90BC1B2B99E3580094BE30 /* Build configuration list for PBXProject "Spowift" */;
			compatibilityVersion = "Xcode 14.0";
			developmentRegion = en;
			hasScannedForEncodings = 0;
			knownRegions = (
				en,
				Base,
			);
			mainGroup = 2A90BC172B99E3580094BE30;
			packageReferences = (
				2ABD34A22BA2F2850035C358 /* XCRemoteSwiftPackageReference "Factory" */,
				2A5FC12E2BA88AF200B7B3C3 /* XCRemoteSwiftPackageReference "SpotifyAPI" */,
				2A5FC1312BA88AFE00B7B3C3 /* XCRemoteSwiftPackageReference "KeychainAccess" */,
			);
			productRefGroup = 2A90BC212B99E3580094BE30 /* Products */;
			projectDirPath = "";
			projectRoot = "";
			targets = (
				2A90BC1F2B99E3580094BE30 /* Spowift */,
				2A90BC2F2B99E3590094BE30 /* SpowiftTests */,
				2A90BC392B99E3590094BE30 /* SpowiftUITests */,
			);
		};
/* End PBXProject section */

/* Begin PBXResourcesBuildPhase section */
		2A90BC1E2B99E3580094BE30 /* Resources */ = {
			isa = PBXResourcesBuildPhase;
			buildActionMask = 2147483647;
			files = (
				2A2DDFE82B9C46D600F1FF95 /* Montserrat-Bold.ttf in Resources */,
				2A2DDFE72B9C46D600F1FF95 /* Montserrat-Regular.ttf in Resources */,
				2A90BC2B2B99E3590094BE30 /* Preview Assets.xcassets in Resources */,
				2A90BC282B99E3590094BE30 /* Assets.xcassets in Resources */,
				2A2DDFE92B9C46D600F1FF95 /* Montserrat-SemiBold.ttf in Resources */,
			);
			runOnlyForDeploymentPostprocessing = 0;
		};
		2A90BC2E2B99E3590094BE30 /* Resources */ = {
			isa = PBXResourcesBuildPhase;
			buildActionMask = 2147483647;
			files = (
			);
			runOnlyForDeploymentPostprocessing = 0;
		};
		2A90BC382B99E3590094BE30 /* Resources */ = {
			isa = PBXResourcesBuildPhase;
			buildActionMask = 2147483647;
			files = (
			);
			runOnlyForDeploymentPostprocessing = 0;
		};
/* End PBXResourcesBuildPhase section */

/* Begin PBXSourcesBuildPhase section */
		2A90BC1C2B99E3580094BE30 /* Sources */ = {
			isa = PBXSourcesBuildPhase;
			buildActionMask = 2147483647;
			files = (
				2A80F34D2B9E02CE00220C74 /* PlayListView.swift in Sources */,
				2A700A0F2BA21C700074BF41 /* ProfileView.swift in Sources */,
				2A700A0D2BA21C620074BF41 /* HistoryView.swift in Sources */,
				2A2DDFDF2B9C3C2D00F1FF95 /* Font+Extension.swift in Sources */,
				2A2DDFEE2B9C57C300F1FF95 /* Color+Extension.swift in Sources */,
				2A5FC1132BA8079700B7B3C3 /* LoggedOutViewModel.swift in Sources */,
				2A80F3472B9DFE8500220C74 /* ArtistProfileViewModel.swift in Sources */,
				2A36E3B72BA43E180063CED4 /* NetworkError.swift in Sources */,
				2A3A27FD2BA72F3C00048B93 /* LoggedOutView.swift in Sources */,
				2A429ED52BA2F05C00339A78 /* ViewModel.swift in Sources */,
				2A36E3D02BA45B710063CED4 /* Logger.swift in Sources */,
				2A90BC262B99E3580094BE30 /* ContentView.swift in Sources */,
				2A81AB292BA9B8C4006EFEB6 /* ProfileViewModel.swift in Sources */,
				2A36E3CD2BA459360063CED4 /* DataDecoder.swift in Sources */,
				2A81AB262BA98E2C006EFEB6 /* AppAlert.swift in Sources */,
				2A36E3B42BA43DCB0063CED4 /* Error+AppError.swift in Sources */,
				2A429ED12BA2BB6F00339A78 /* AppImage.swift in Sources */,
				2A80F3452B9DFE7B00220C74 /* ArtistProfileView.swift in Sources */,
				2A36E3A52BA42EF20063CED4 /* AppError.swift in Sources */,
				2A80F34A2B9DFFA000220C74 /* HomeView.swift in Sources */,
				2A80F3402B9DFD7100220C74 /* AppRouter.swift in Sources */,
				2A5FC1372BA88D1700B7B3C3 /* SpotifyAuthManager.swift in Sources */,
				2A36E3C82BA4451D0063CED4 /* RequestProtocol.swift in Sources */,
				2A90BC242B99E3580094BE30 /* SpowiftApp.swift in Sources */,
				2A81AB2B2BA9BC75006EFEB6 /* LoggedView.swift in Sources */,
				2A429ED82BA2F1FD00339A78 /* Container.swift in Sources */,
				2A2DE0332B9C933B00F1FF95 /* View+Extension.swift in Sources */,
				2A36E3C52BA444E00063CED4 /* NetworkManager.swift in Sources */,
				2A5FC1112BA8048100B7B3C3 /* APIConstants.swift in Sources */,
				2A429ED32BA2ED5B00339A78 /* HomeViewModel.swift in Sources */,
				2A2DE0312B9C8C3500F1FF95 /* TabBarItemsView.swift in Sources */,
				2A36E3CA2BA445590063CED4 /* RequestType.swift in Sources */,
			);
			runOnlyForDeploymentPostprocessing = 0;
		};
		2A90BC2C2B99E3590094BE30 /* Sources */ = {
			isa = PBXSourcesBuildPhase;
			buildActionMask = 2147483647;
			files = (
				2A90BC352B99E3590094BE30 /* SpowiftTests.swift in Sources */,
			);
			runOnlyForDeploymentPostprocessing = 0;
		};
		2A90BC362B99E3590094BE30 /* Sources */ = {
			isa = PBXSourcesBuildPhase;
			buildActionMask = 2147483647;
			files = (
			);
			runOnlyForDeploymentPostprocessing = 0;
		};
/* End PBXSourcesBuildPhase section */

/* Begin PBXTargetDependency section */
		2A90BC322B99E3590094BE30 /* PBXTargetDependency */ = {
			isa = PBXTargetDependency;
			target = 2A90BC1F2B99E3580094BE30 /* Spowift */;
			targetProxy = 2A90BC312B99E3590094BE30 /* PBXContainerItemProxy */;
		};
		2A90BC3C2B99E3590094BE30 /* PBXTargetDependency */ = {
			isa = PBXTargetDependency;
			target = 2A90BC1F2B99E3580094BE30 /* Spowift */;
			targetProxy = 2A90BC3B2B99E3590094BE30 /* PBXContainerItemProxy */;
		};
/* End PBXTargetDependency section */

/* Begin XCBuildConfiguration section */
		2A90BC422B99E3590094BE30 /* Debug */ = {
			isa = XCBuildConfiguration;
			buildSettings = {
				ALWAYS_SEARCH_USER_PATHS = NO;
				ASSETCATALOG_COMPILER_GENERATE_SWIFT_ASSET_SYMBOL_EXTENSIONS = YES;
				CLANG_ANALYZER_NONNULL = YES;
				CLANG_ANALYZER_NUMBER_OBJECT_CONVERSION = YES_AGGRESSIVE;
				CLANG_CXX_LANGUAGE_STANDARD = "gnu++20";
				CLANG_ENABLE_MODULES = YES;
				CLANG_ENABLE_OBJC_ARC = YES;
				CLANG_ENABLE_OBJC_WEAK = YES;
				CLANG_WARN_BLOCK_CAPTURE_AUTORELEASING = YES;
				CLANG_WARN_BOOL_CONVERSION = YES;
				CLANG_WARN_COMMA = YES;
				CLANG_WARN_CONSTANT_CONVERSION = YES;
				CLANG_WARN_DEPRECATED_OBJC_IMPLEMENTATIONS = YES;
				CLANG_WARN_DIRECT_OBJC_ISA_USAGE = YES_ERROR;
				CLANG_WARN_DOCUMENTATION_COMMENTS = YES;
				CLANG_WARN_EMPTY_BODY = YES;
				CLANG_WARN_ENUM_CONVERSION = YES;
				CLANG_WARN_INFINITE_RECURSION = YES;
				CLANG_WARN_INT_CONVERSION = YES;
				CLANG_WARN_NON_LITERAL_NULL_CONVERSION = YES;
				CLANG_WARN_OBJC_IMPLICIT_RETAIN_SELF = YES;
				CLANG_WARN_OBJC_LITERAL_CONVERSION = YES;
				CLANG_WARN_OBJC_ROOT_CLASS = YES_ERROR;
				CLANG_WARN_QUOTED_INCLUDE_IN_FRAMEWORK_HEADER = YES;
				CLANG_WARN_RANGE_LOOP_ANALYSIS = YES;
				CLANG_WARN_STRICT_PROTOTYPES = YES;
				CLANG_WARN_SUSPICIOUS_MOVE = YES;
				CLANG_WARN_UNGUARDED_AVAILABILITY = YES_AGGRESSIVE;
				CLANG_WARN_UNREACHABLE_CODE = YES;
				CLANG_WARN__DUPLICATE_METHOD_MATCH = YES;
				COPY_PHASE_STRIP = NO;
				DEBUG_INFORMATION_FORMAT = dwarf;
				ENABLE_STRICT_OBJC_MSGSEND = YES;
				ENABLE_TESTABILITY = YES;
				ENABLE_USER_SCRIPT_SANDBOXING = YES;
				GCC_C_LANGUAGE_STANDARD = gnu17;
				GCC_DYNAMIC_NO_PIC = NO;
				GCC_NO_COMMON_BLOCKS = YES;
				GCC_OPTIMIZATION_LEVEL = 0;
				GCC_PREPROCESSOR_DEFINITIONS = (
					"DEBUG=1",
					"$(inherited)",
				);
				GCC_WARN_64_TO_32_BIT_CONVERSION = YES;
				GCC_WARN_ABOUT_RETURN_TYPE = YES_ERROR;
				GCC_WARN_UNDECLARED_SELECTOR = YES;
				GCC_WARN_UNINITIALIZED_AUTOS = YES_AGGRESSIVE;
				GCC_WARN_UNUSED_FUNCTION = YES;
				GCC_WARN_UNUSED_VARIABLE = YES;
				IPHONEOS_DEPLOYMENT_TARGET = 16.0;
				LOCALIZATION_PREFERS_STRING_CATALOGS = YES;
				MTL_ENABLE_DEBUG_INFO = INCLUDE_SOURCE;
				MTL_FAST_MATH = YES;
				ONLY_ACTIVE_ARCH = YES;
				SDKROOT = iphoneos;
				SWIFT_ACTIVE_COMPILATION_CONDITIONS = "DEBUG $(inherited)";
				SWIFT_OPTIMIZATION_LEVEL = "-Onone";
			};
			name = Debug;
		};
		2A90BC432B99E3590094BE30 /* Release */ = {
			isa = XCBuildConfiguration;
			buildSettings = {
				ALWAYS_SEARCH_USER_PATHS = NO;
				ASSETCATALOG_COMPILER_GENERATE_SWIFT_ASSET_SYMBOL_EXTENSIONS = YES;
				CLANG_ANALYZER_NONNULL = YES;
				CLANG_ANALYZER_NUMBER_OBJECT_CONVERSION = YES_AGGRESSIVE;
				CLANG_CXX_LANGUAGE_STANDARD = "gnu++20";
				CLANG_ENABLE_MODULES = YES;
				CLANG_ENABLE_OBJC_ARC = YES;
				CLANG_ENABLE_OBJC_WEAK = YES;
				CLANG_WARN_BLOCK_CAPTURE_AUTORELEASING = YES;
				CLANG_WARN_BOOL_CONVERSION = YES;
				CLANG_WARN_COMMA = YES;
				CLANG_WARN_CONSTANT_CONVERSION = YES;
				CLANG_WARN_DEPRECATED_OBJC_IMPLEMENTATIONS = YES;
				CLANG_WARN_DIRECT_OBJC_ISA_USAGE = YES_ERROR;
				CLANG_WARN_DOCUMENTATION_COMMENTS = YES;
				CLANG_WARN_EMPTY_BODY = YES;
				CLANG_WARN_ENUM_CONVERSION = YES;
				CLANG_WARN_INFINITE_RECURSION = YES;
				CLANG_WARN_INT_CONVERSION = YES;
				CLANG_WARN_NON_LITERAL_NULL_CONVERSION = YES;
				CLANG_WARN_OBJC_IMPLICIT_RETAIN_SELF = YES;
				CLANG_WARN_OBJC_LITERAL_CONVERSION = YES;
				CLANG_WARN_OBJC_ROOT_CLASS = YES_ERROR;
				CLANG_WARN_QUOTED_INCLUDE_IN_FRAMEWORK_HEADER = YES;
				CLANG_WARN_RANGE_LOOP_ANALYSIS = YES;
				CLANG_WARN_STRICT_PROTOTYPES = YES;
				CLANG_WARN_SUSPICIOUS_MOVE = YES;
				CLANG_WARN_UNGUARDED_AVAILABILITY = YES_AGGRESSIVE;
				CLANG_WARN_UNREACHABLE_CODE = YES;
				CLANG_WARN__DUPLICATE_METHOD_MATCH = YES;
				COPY_PHASE_STRIP = NO;
				DEBUG_INFORMATION_FORMAT = "dwarf-with-dsym";
				ENABLE_NS_ASSERTIONS = NO;
				ENABLE_STRICT_OBJC_MSGSEND = YES;
				ENABLE_USER_SCRIPT_SANDBOXING = YES;
				GCC_C_LANGUAGE_STANDARD = gnu17;
				GCC_NO_COMMON_BLOCKS = YES;
				GCC_WARN_64_TO_32_BIT_CONVERSION = YES;
				GCC_WARN_ABOUT_RETURN_TYPE = YES_ERROR;
				GCC_WARN_UNDECLARED_SELECTOR = YES;
				GCC_WARN_UNINITIALIZED_AUTOS = YES_AGGRESSIVE;
				GCC_WARN_UNUSED_FUNCTION = YES;
				GCC_WARN_UNUSED_VARIABLE = YES;
				IPHONEOS_DEPLOYMENT_TARGET = 16.0;
				LOCALIZATION_PREFERS_STRING_CATALOGS = YES;
				MTL_ENABLE_DEBUG_INFO = NO;
				MTL_FAST_MATH = YES;
				SDKROOT = iphoneos;
				SWIFT_COMPILATION_MODE = wholemodule;
				VALIDATE_PRODUCT = YES;
			};
			name = Release;
		};
		2A90BC452B99E3590094BE30 /* Debug */ = {
			isa = XCBuildConfiguration;
			buildSettings = {
				ASSETCATALOG_COMPILER_APPICON_NAME = AppIcon;
				ASSETCATALOG_COMPILER_GLOBAL_ACCENT_COLOR_NAME = AccentColor;
				CODE_SIGN_STYLE = Automatic;
				CURRENT_PROJECT_VERSION = 1;
				DEVELOPMENT_ASSET_PATHS = "\"Spowift/Preview Content\"";
				DEVELOPMENT_TEAM = NLCYJ22AZZ;
				ENABLE_PREVIEWS = YES;
				GENERATE_INFOPLIST_FILE = YES;
				INFOPLIST_FILE = Spowift/Info.plist;
				INFOPLIST_KEY_CFBundleDisplayName = Spowift;
				INFOPLIST_KEY_UIApplicationSceneManifest_Generation = YES;
				INFOPLIST_KEY_UIApplicationSupportsIndirectInputEvents = YES;
				INFOPLIST_KEY_UILaunchScreen_Generation = YES;
				INFOPLIST_KEY_UISupportedInterfaceOrientations = UIInterfaceOrientationPortrait;
				INFOPLIST_KEY_UISupportedInterfaceOrientations_iPad = "UIInterfaceOrientationLandscapeLeft UIInterfaceOrientationLandscapeRight";
				IPHONEOS_DEPLOYMENT_TARGET = 16.0;
				LD_RUNPATH_SEARCH_PATHS = (
					"$(inherited)",
					"@executable_path/Frameworks",
				);
				MARKETING_VERSION = 1.0;
				PRODUCT_BUNDLE_IDENTIFIER = com.devhaute.Spowift;
				PRODUCT_NAME = "$(TARGET_NAME)";
				SUPPORTED_PLATFORMS = "iphoneos iphonesimulator";
				SUPPORTS_MACCATALYST = NO;
				SUPPORTS_MAC_DESIGNED_FOR_IPHONE_IPAD = NO;
				SWIFT_EMIT_LOC_STRINGS = YES;
				SWIFT_VERSION = 5.0;
				TARGETED_DEVICE_FAMILY = "1,2";
			};
			name = Debug;
		};
		2A90BC462B99E3590094BE30 /* Release */ = {
			isa = XCBuildConfiguration;
			buildSettings = {
				ASSETCATALOG_COMPILER_APPICON_NAME = AppIcon;
				ASSETCATALOG_COMPILER_GLOBAL_ACCENT_COLOR_NAME = AccentColor;
				CODE_SIGN_STYLE = Automatic;
				CURRENT_PROJECT_VERSION = 1;
				DEVELOPMENT_ASSET_PATHS = "\"Spowift/Preview Content\"";
				DEVELOPMENT_TEAM = NLCYJ22AZZ;
				ENABLE_PREVIEWS = YES;
				GENERATE_INFOPLIST_FILE = YES;
				INFOPLIST_FILE = Spowift/Info.plist;
				INFOPLIST_KEY_CFBundleDisplayName = Spowift;
				INFOPLIST_KEY_UIApplicationSceneManifest_Generation = YES;
				INFOPLIST_KEY_UIApplicationSupportsIndirectInputEvents = YES;
				INFOPLIST_KEY_UILaunchScreen_Generation = YES;
				INFOPLIST_KEY_UISupportedInterfaceOrientations = UIInterfaceOrientationPortrait;
				INFOPLIST_KEY_UISupportedInterfaceOrientations_iPad = "UIInterfaceOrientationLandscapeLeft UIInterfaceOrientationLandscapeRight";
				IPHONEOS_DEPLOYMENT_TARGET = 16.0;
				LD_RUNPATH_SEARCH_PATHS = (
					"$(inherited)",
					"@executable_path/Frameworks",
				);
				MARKETING_VERSION = 1.0;
				PRODUCT_BUNDLE_IDENTIFIER = com.devhaute.Spowift;
				PRODUCT_NAME = "$(TARGET_NAME)";
				SUPPORTED_PLATFORMS = "iphoneos iphonesimulator";
				SUPPORTS_MACCATALYST = NO;
				SUPPORTS_MAC_DESIGNED_FOR_IPHONE_IPAD = NO;
				SWIFT_EMIT_LOC_STRINGS = YES;
				SWIFT_VERSION = 5.0;
				TARGETED_DEVICE_FAMILY = "1,2";
			};
			name = Release;
		};
		2A90BC482B99E3590094BE30 /* Debug */ = {
			isa = XCBuildConfiguration;
			buildSettings = {
				ALWAYS_EMBED_SWIFT_STANDARD_LIBRARIES = YES;
				BUNDLE_LOADER = "$(TEST_HOST)";
				CODE_SIGN_STYLE = Automatic;
				CURRENT_PROJECT_VERSION = 1;
				DEVELOPMENT_TEAM = NLCYJ22AZZ;
				GENERATE_INFOPLIST_FILE = YES;
				IPHONEOS_DEPLOYMENT_TARGET = 17.2;
				MARKETING_VERSION = 1.0;
				PRODUCT_BUNDLE_IDENTIFIER = com.devhaute.SpowiftTests;
				PRODUCT_NAME = "$(TARGET_NAME)";
				SWIFT_EMIT_LOC_STRINGS = NO;
				SWIFT_VERSION = 5.0;
				TARGETED_DEVICE_FAMILY = "1,2";
				TEST_HOST = "$(BUILT_PRODUCTS_DIR)/Spowift.app/$(BUNDLE_EXECUTABLE_FOLDER_PATH)/Spowift";
			};
			name = Debug;
		};
		2A90BC492B99E3590094BE30 /* Release */ = {
			isa = XCBuildConfiguration;
			buildSettings = {
				ALWAYS_EMBED_SWIFT_STANDARD_LIBRARIES = YES;
				BUNDLE_LOADER = "$(TEST_HOST)";
				CODE_SIGN_STYLE = Automatic;
				CURRENT_PROJECT_VERSION = 1;
				DEVELOPMENT_TEAM = NLCYJ22AZZ;
				GENERATE_INFOPLIST_FILE = YES;
				IPHONEOS_DEPLOYMENT_TARGET = 17.2;
				MARKETING_VERSION = 1.0;
				PRODUCT_BUNDLE_IDENTIFIER = com.devhaute.SpowiftTests;
				PRODUCT_NAME = "$(TARGET_NAME)";
				SWIFT_EMIT_LOC_STRINGS = NO;
				SWIFT_VERSION = 5.0;
				TARGETED_DEVICE_FAMILY = "1,2";
				TEST_HOST = "$(BUILT_PRODUCTS_DIR)/Spowift.app/$(BUNDLE_EXECUTABLE_FOLDER_PATH)/Spowift";
			};
			name = Release;
		};
		2A90BC4B2B99E3590094BE30 /* Debug */ = {
			isa = XCBuildConfiguration;
			buildSettings = {
				ALWAYS_EMBED_SWIFT_STANDARD_LIBRARIES = YES;
				CODE_SIGN_STYLE = Automatic;
				CURRENT_PROJECT_VERSION = 1;
				DEVELOPMENT_TEAM = NLCYJ22AZZ;
				GENERATE_INFOPLIST_FILE = YES;
				MARKETING_VERSION = 1.0;
				PRODUCT_BUNDLE_IDENTIFIER = com.devhaute.SpowiftUITests;
				PRODUCT_NAME = "$(TARGET_NAME)";
				SWIFT_EMIT_LOC_STRINGS = NO;
				SWIFT_VERSION = 5.0;
				TARGETED_DEVICE_FAMILY = "1,2";
				TEST_TARGET_NAME = Spowift;
			};
			name = Debug;
		};
		2A90BC4C2B99E3590094BE30 /* Release */ = {
			isa = XCBuildConfiguration;
			buildSettings = {
				ALWAYS_EMBED_SWIFT_STANDARD_LIBRARIES = YES;
				CODE_SIGN_STYLE = Automatic;
				CURRENT_PROJECT_VERSION = 1;
				DEVELOPMENT_TEAM = NLCYJ22AZZ;
				GENERATE_INFOPLIST_FILE = YES;
				MARKETING_VERSION = 1.0;
				PRODUCT_BUNDLE_IDENTIFIER = com.devhaute.SpowiftUITests;
				PRODUCT_NAME = "$(TARGET_NAME)";
				SWIFT_EMIT_LOC_STRINGS = NO;
				SWIFT_VERSION = 5.0;
				TARGETED_DEVICE_FAMILY = "1,2";
				TEST_TARGET_NAME = Spowift;
			};
			name = Release;
		};
/* End XCBuildConfiguration section */

/* Begin XCConfigurationList section */
		2A90BC1B2B99E3580094BE30 /* Build configuration list for PBXProject "Spowift" */ = {
			isa = XCConfigurationList;
			buildConfigurations = (
				2A90BC422B99E3590094BE30 /* Debug */,
				2A90BC432B99E3590094BE30 /* Release */,
			);
			defaultConfigurationIsVisible = 0;
			defaultConfigurationName = Release;
		};
		2A90BC442B99E3590094BE30 /* Build configuration list for PBXNativeTarget "Spowift" */ = {
			isa = XCConfigurationList;
			buildConfigurations = (
				2A90BC452B99E3590094BE30 /* Debug */,
				2A90BC462B99E3590094BE30 /* Release */,
			);
			defaultConfigurationIsVisible = 0;
			defaultConfigurationName = Release;
		};
		2A90BC472B99E3590094BE30 /* Build configuration list for PBXNativeTarget "SpowiftTests" */ = {
			isa = XCConfigurationList;
			buildConfigurations = (
				2A90BC482B99E3590094BE30 /* Debug */,
				2A90BC492B99E3590094BE30 /* Release */,
			);
			defaultConfigurationIsVisible = 0;
			defaultConfigurationName = Release;
		};
		2A90BC4A2B99E3590094BE30 /* Build configuration list for PBXNativeTarget "SpowiftUITests" */ = {
			isa = XCConfigurationList;
			buildConfigurations = (
				2A90BC4B2B99E3590094BE30 /* Debug */,
				2A90BC4C2B99E3590094BE30 /* Release */,
			);
			defaultConfigurationIsVisible = 0;
			defaultConfigurationName = Release;
		};
/* End XCConfigurationList section */

/* Begin XCRemoteSwiftPackageReference section */
		2A5FC12E2BA88AF200B7B3C3 /* XCRemoteSwiftPackageReference "SpotifyAPI" */ = {
			isa = XCRemoteSwiftPackageReference;
			repositoryURL = "https://github.com/Peter-Schorn/SpotifyAPI.git";
			requirement = {
				kind = upToNextMajorVersion;
				minimumVersion = 2.2.4;
			};
		};
		2A5FC1312BA88AFE00B7B3C3 /* XCRemoteSwiftPackageReference "KeychainAccess" */ = {
			isa = XCRemoteSwiftPackageReference;
			repositoryURL = "https://github.com/kishikawakatsumi/KeychainAccess.git";
			requirement = {
				branch = master;
				kind = branch;
			};
		};
		2ABD34A22BA2F2850035C358 /* XCRemoteSwiftPackageReference "Factory" */ = {
			isa = XCRemoteSwiftPackageReference;
			repositoryURL = "https://github.com/hmlongco/Factory.git";
			requirement = {
				kind = upToNextMajorVersion;
				minimumVersion = 2.3.1;
			};
		};
/* End XCRemoteSwiftPackageReference section */

/* Begin XCSwiftPackageProductDependency section */
		2A5FC12F2BA88AF200B7B3C3 /* SpotifyAPI */ = {
			isa = XCSwiftPackageProductDependency;
			package = 2A5FC12E2BA88AF200B7B3C3 /* XCRemoteSwiftPackageReference "SpotifyAPI" */;
			productName = SpotifyAPI;
		};
		2A5FC1322BA88AFE00B7B3C3 /* KeychainAccess */ = {
			isa = XCSwiftPackageProductDependency;
			package = 2A5FC1312BA88AFE00B7B3C3 /* XCRemoteSwiftPackageReference "KeychainAccess" */;
			productName = KeychainAccess;
		};
		2ABD34A32BA2F2850035C358 /* Factory */ = {
			isa = XCSwiftPackageProductDependency;
			package = 2ABD34A22BA2F2850035C358 /* XCRemoteSwiftPackageReference "Factory" */;
			productName = Factory;
		};
/* End XCSwiftPackageProductDependency section */
	};
	rootObject = 2A90BC182B99E3580094BE30 /* Project object */;
}
